{
  "name": "kabelwerk-react-native",
  "version": "0.0.0",
  "lockfileVersion": 2,
  "requires": true,
  "packages": {
    "": {
      "name": "kabelwerk-react-native",
      "version": "0.0.0",
      "license": "MIT",
      "dependencies": {
        "kabelwerk": "0.3.0"
      }
    },
    "node_modules/kabelwerk": {
      "version": "0.3.0",
      "resolved": "https://registry.npmjs.org/kabelwerk/-/kabelwerk-0.3.0.tgz",
      "integrity": "sha512-KgIKu+CG9Ncxw7gqyz8QnA1j711/oVc3dcWC4aYEfIywpWMSUZWo/2sO+VQnf3f6CA/h0pwG85kWKUxG/aLj9Q==",
      "dependencies": {
        "phoenix": "1.6.7"
      }
    },
    "node_modules/phoenix": {
      "version": "1.6.7",
      "resolved": "https://registry.npmjs.org/phoenix/-/phoenix-1.6.7.tgz",
      "integrity": "sha512-vkwAcrtX0Xa6bZI1ZlNGf1VDVVd4DLTIOv+mnLUsewk1UNHBE+19M2jetfNdxdjn62P7FfFDRxgZ8PKB8RsClg=="
    }
  },
  "dependencies": {
    "kabelwerk": {
      "version": "0.3.0",
      "resolved": "https://registry.npmjs.org/kabelwerk/-/kabelwerk-0.3.0.tgz",
      "integrity": "sha512-KgIKu+CG9Ncxw7gqyz8QnA1j711/oVc3dcWC4aYEfIywpWMSUZWo/2sO+VQnf3f6CA/h0pwG85kWKUxG/aLj9Q==",
      "requires": {
        "phoenix": "1.6.7"
      }
    },
    "phoenix": {
      "version": "1.6.7",
      "resolved": "https://registry.npmjs.org/phoenix/-/phoenix-1.6.7.tgz",
      "integrity": "sha512-vkwAcrtX0Xa6bZI1ZlNGf1VDVVd4DLTIOv+mnLUsewk1UNHBE+19M2jetfNdxdjn62P7FfFDRxgZ8PKB8RsClg=="
    }
  }
}
